
Microsoft Visual Studio Solution File, Format Version 12.00
# Visual Studio Version 17
VisualStudioVersion = 17.1.32210.238
MinimumVisualStudioVersion = 10.0.40219.1
Project("{FAE04EC0-301F-11D3-BF4B-00C04F79EFBC}") = "Task5", "Task5.csproj", "{534E3EC4-60DC-435A-902F-145624BF090C}"
EndProject
Global
	GlobalSection(SolutionConfigurationPlatforms) = preSolution
		Debug|Any CPU = Debug|Any CPU
		Release|Any CPU = Release|Any CPU
	EndGlobalSection
	GlobalSection(ProjectConfigurationPlatforms) = postSolution
		{534E3EC4-60DC-435A-902F-145624BF090C}.Debug|Any CPU.ActiveCfg = Debug|Any CPU
		{534E3EC4-60DC-435A-902F-145624BF090C}.Debug|Any CPU.Build.0 = Debug|Any CPU
		{534E3EC4-60DC-435A-902F-145624BF090C}.Release|Any CPU.ActiveCfg = Release|Any CPU
		{534E3EC4-60DC-435A-902F-145624BF090C}.Release|Any CPU.Build.0 = Release|Any CPU
	EndGlobalSection
	GlobalSection(SolutionProperties) = preSolution
		HideSolutionNode = FALSE
	EndGlobalSection
	GlobalSection(ExtensibilityGlobals) = postSolution
		SolutionGuid = {08028DE4-7BC6-47B3-A09C-97D2CD1D0E1B}
	EndGlobalSection
EndGlobal
